{
  "version": 4,
  "terraform_version": "0.14.0",
  "serial": 1,
  "lineage": "6ad39a6d-ec82-5ff8-dcd9-7494fd114833",
  "outputs": {},
  "resources": [
    {
      "mode": "managed",
      "type": "aws_vpc",
      "name": "main",
      "provider": "provider[\"registry.terraform.io/hashicorp/aws\"]",
      "instances": [
        {
          "schema_version": 1,
          "attributes": {
            "arn": "arn:aws:ec2:ap-northeast-2:844556818888:vpc/vpc-08d6f343966427ec9",
            "assign_generated_ipv6_cidr_block": false,
            "cidr_block": "10.0.0.0/16",
            "default_network_acl_id": "acl-0086e3fe6b2495d1e",
            "default_route_table_id": "rtb-082d9a69efdd14801",
            "default_security_group_id": "sg-097f6645bb4fc7ee4",
            "dhcp_options_id": "dopt-98b82bf3",
            "enable_classiclink": null,
            "enable_classiclink_dns_support": null,
            "enable_dns_hostnames": false,
            "enable_dns_support": true,
            "id": "vpc-08d6f343966427ec9",
            "instance_tenancy": "default",
            "ipv6_association_id": "",
            "ipv6_cidr_block": "",
            "main_route_table_id": "rtb-082d9a69efdd14801",
            "owner_id": "844556818888",
            "tags": {
              "Name": "terraform-101"
            }
          },
          "sensitive_attributes": [],
          "private": "eyJzY2hlbWFfdmVyc2lvbiI6IjEifQ=="
        }
      ]
    }
  ]
}
